
Microsoft Visual Studio Solution File, Format Version 12.00
# Visual Studio 15
Project("{FAE04EC0-301F-11D3-BF4B-00C04F79EFBC}") = "Assembly-CSharp", "Assembly-CSharp.csproj", "{CE003E04-6574-5ABA-0B88-FEFF23EEAC65}"
EndProject
Project("{FAE04EC0-301F-11D3-BF4B-00C04F79EFBC}") = "Assembly-CSharp-Editor", "Assembly-CSharp-Editor.csproj", "{645266F6-DF4C-7FA7-5DF9-8D4F184B5CF2}"
EndProject
Global
	GlobalSection(SolutionConfigurationPlatforms) = preSolution
		Debug|Any CPU = Debug|Any CPU
		Release|Any CPU = Release|Any CPU
	EndGlobalSection
	GlobalSection(ProjectConfigurationPlatforms) = postSolution
		{CE003E04-6574-5ABA-0B88-FEFF23EEAC65}.Debug|Any CPU.ActiveCfg = Debug|Any CPU
		{CE003E04-6574-5ABA-0B88-FEFF23EEAC65}.Debug|Any CPU.Build.0 = Debug|Any CPU
		{CE003E04-6574-5ABA-0B88-FEFF23EEAC65}.Release|Any CPU.ActiveCfg = Release|Any CPU
		{CE003E04-6574-5ABA-0B88-FEFF23EEAC65}.Release|Any CPU.Build.0 = Release|Any CPU
		{645266F6-DF4C-7FA7-5DF9-8D4F184B5CF2}.Debug|Any CPU.ActiveCfg = Debug|Any CPU
		{645266F6-DF4C-7FA7-5DF9-8D4F184B5CF2}.Debug|Any CPU.Build.0 = Debug|Any CPU
		{645266F6-DF4C-7FA7-5DF9-8D4F184B5CF2}.Release|Any CPU.ActiveCfg = Release|Any CPU
		{645266F6-DF4C-7FA7-5DF9-8D4F184B5CF2}.Release|Any CPU.Build.0 = Release|Any CPU
	EndGlobalSection
	GlobalSection(SolutionProperties) = preSolution
		HideSolutionNode = FALSE
	EndGlobalSection
EndGlobal
